
Microsoft Visual Studio Solution File, Format Version 12.00
# Visual Studio Version 17
VisualStudioVersion = 17.9.34607.119
MinimumVisualStudioVersion = 10.0.40219.1
Project("{FAE04EC0-301F-11D3-BF4B-00C04F79EFBC}") = "E-MovieTicket", "E-MovieTicket\E-MovieTicket.csproj", "{F514591A-AB9C-4FAD-A39E-272161E64195}"
EndProject
Global
	GlobalSection(SolutionConfigurationPlatforms) = preSolution
		Debug|Any CPU = Debug|Any CPU
		Release|Any CPU = Release|Any CPU
	EndGlobalSection
	GlobalSection(ProjectConfigurationPlatforms) = postSolution
		{F514591A-AB9C-4FAD-A39E-272161E64195}.Debug|Any CPU.ActiveCfg = Debug|Any CPU
		{F514591A-AB9C-4FAD-A39E-272161E64195}.Debug|Any CPU.Build.0 = Debug|Any CPU
		{F514591A-AB9C-4FAD-A39E-272161E64195}.Release|Any CPU.ActiveCfg = Release|Any CPU
		{F514591A-AB9C-4FAD-A39E-272161E64195}.Release|Any CPU.Build.0 = Release|Any CPU
	EndGlobalSection
	GlobalSection(SolutionProperties) = preSolution
		HideSolutionNode = FALSE
	EndGlobalSection
	GlobalSection(ExtensibilityGlobals) = postSolution
		SolutionGuid = {C8EC435A-F908-4E90-BCF6-CB15066F0759}
	EndGlobalSection
EndGlobal
